
Microsoft Visual Studio Solution File, Format Version 12.00
# Visual Studio 2013
VisualStudioVersion = 12.0.21005.1
MinimumVisualStudioVersion = 10.0.40219.1
Project("{FAE04EC0-301F-11D3-BF4B-00C04F79EFBC}") = "RoomMe.Webservice", "RoomMe.Webservice\RoomMe.Webservice.csproj", "{E7FDF50A-A51E-4A68-B00C-885C37F9F124}"
EndProject
Project("{FAE04EC0-301F-11D3-BF4B-00C04F79EFBC}") = "RoomMe.Webservice.Tests", "RoomMe.Webservice.Tests\RoomMe.Webservice.Tests.csproj", "{B351E31F-750A-4D97-852A-1862BF928503}"
EndProject
Project("{FAE04EC0-301F-11D3-BF4B-00C04F79EFBC}") = "RoomMe.Webservice.Models", "RoomMe.Webservice.Models\RoomMe.Webservice.Models.csproj", "{495D04D9-BD5C-4F98-85DB-1E094E6D3A3A}"
EndProject
Project("{FAE04EC0-301F-11D3-BF4B-00C04F79EFBC}") = "RoomMe.Webservice.Repository", "RoomMe.Webservice.Repository\RoomMe.Webservice.Repository.csproj", "{0BC06E26-FC8C-49B6-AE61-89D75FE4BE6F}"
EndProject
Global
	GlobalSection(SolutionConfigurationPlatforms) = preSolution
		Debug|Any CPU = Debug|Any CPU
		Release|Any CPU = Release|Any CPU
	EndGlobalSection
	GlobalSection(ProjectConfigurationPlatforms) = postSolution
		{E7FDF50A-A51E-4A68-B00C-885C37F9F124}.Debug|Any CPU.ActiveCfg = Debug|Any CPU
		{E7FDF50A-A51E-4A68-B00C-885C37F9F124}.Debug|Any CPU.Build.0 = Debug|Any CPU
		{E7FDF50A-A51E-4A68-B00C-885C37F9F124}.Release|Any CPU.ActiveCfg = Release|Any CPU
		{E7FDF50A-A51E-4A68-B00C-885C37F9F124}.Release|Any CPU.Build.0 = Release|Any CPU
		{B351E31F-750A-4D97-852A-1862BF928503}.Debug|Any CPU.ActiveCfg = Debug|Any CPU
		{B351E31F-750A-4D97-852A-1862BF928503}.Debug|Any CPU.Build.0 = Debug|Any CPU
		{B351E31F-750A-4D97-852A-1862BF928503}.Release|Any CPU.ActiveCfg = Release|Any CPU
		{B351E31F-750A-4D97-852A-1862BF928503}.Release|Any CPU.Build.0 = Release|Any CPU
		{495D04D9-BD5C-4F98-85DB-1E094E6D3A3A}.Debug|Any CPU.ActiveCfg = Debug|Any CPU
		{495D04D9-BD5C-4F98-85DB-1E094E6D3A3A}.Debug|Any CPU.Build.0 = Debug|Any CPU
		{495D04D9-BD5C-4F98-85DB-1E094E6D3A3A}.Release|Any CPU.ActiveCfg = Release|Any CPU
		{495D04D9-BD5C-4F98-85DB-1E094E6D3A3A}.Release|Any CPU.Build.0 = Release|Any CPU
		{0BC06E26-FC8C-49B6-AE61-89D75FE4BE6F}.Debug|Any CPU.ActiveCfg = Debug|Any CPU
		{0BC06E26-FC8C-49B6-AE61-89D75FE4BE6F}.Debug|Any CPU.Build.0 = Debug|Any CPU
		{0BC06E26-FC8C-49B6-AE61-89D75FE4BE6F}.Release|Any CPU.ActiveCfg = Release|Any CPU
		{0BC06E26-FC8C-49B6-AE61-89D75FE4BE6F}.Release|Any CPU.Build.0 = Release|Any CPU
	EndGlobalSection
	GlobalSection(SolutionProperties) = preSolution
		HideSolutionNode = FALSE
	EndGlobalSection
EndGlobal
